{
  "name": "agentmandate-cedar-schema-checked-probe",
  "lockfileVersion": 3,
  "requires": true,
  "packages": {
    "": {
      "name": "agentmandate-cedar-schema-checked-probe",
      "devDependencies": {
        "@cedar-policy/cedar-wasm": "4.12.0"
      }
    },
    "node_modules/@cedar-policy/cedar-wasm": {
      "version": "4.12.0",
      "resolved": "https://registry.npmjs.org/@cedar-policy/cedar-wasm/-/cedar-wasm-4.12.0.tgz",
      "integrity": "sha512-tCSj92hh4fnmas4ojO4tjx8wAAW3mKVgQ7M388NsSpXp64FVeYY6xwhKtJRaaYGK0qLiN2jnq8/SNIU2r5fdPw==",
      "dev": true,
      "license": "Apache-2.0"
    }
  }
}
